
Microsoft Visual Studio Solution File, Format Version 12.00
# Visual Studio Version 16
VisualStudioVersion = 16.0.31702.278
MinimumVisualStudioVersion = 10.0.40219.1
Project("{FAE04EC0-301F-11D3-BF4B-00C04F79EFBC}") = "3 задание", "3 задание.csproj", "{65012294-FF32-4402-8460-6E035AF611F0}"
EndProject
Global
	GlobalSection(SolutionConfigurationPlatforms) = preSolution
		Debug|Any CPU = Debug|Any CPU
		Release|Any CPU = Release|Any CPU
	EndGlobalSection
	GlobalSection(ProjectConfigurationPlatforms) = postSolution
		{65012294-FF32-4402-8460-6E035AF611F0}.Debug|Any CPU.ActiveCfg = Debug|Any CPU
		{65012294-FF32-4402-8460-6E035AF611F0}.Debug|Any CPU.Build.0 = Debug|Any CPU
		{65012294-FF32-4402-8460-6E035AF611F0}.Release|Any CPU.ActiveCfg = Release|Any CPU
		{65012294-FF32-4402-8460-6E035AF611F0}.Release|Any CPU.Build.0 = Release|Any CPU
	EndGlobalSection
	GlobalSection(SolutionProperties) = preSolution
		HideSolutionNode = FALSE
	EndGlobalSection
	GlobalSection(ExtensibilityGlobals) = postSolution
		SolutionGuid = {CAC7A87B-03E8-4A68-AFE1-6389275B3537}
	EndGlobalSection
EndGlobal
