
Microsoft Visual Studio Solution File, Format Version 12.00
# Visual Studio Version 16
VisualStudioVersion = 16.0.31702.278
MinimumVisualStudioVersion = 10.0.40219.1
Project("{FAE04EC0-301F-11D3-BF4B-00C04F79EFBC}") = "10 задание", "10 задание.csproj", "{AA75A25A-360F-442E-BBAF-520BD0A20F6C}"
EndProject
Global
	GlobalSection(SolutionConfigurationPlatforms) = preSolution
		Debug|Any CPU = Debug|Any CPU
		Release|Any CPU = Release|Any CPU
	EndGlobalSection
	GlobalSection(ProjectConfigurationPlatforms) = postSolution
		{AA75A25A-360F-442E-BBAF-520BD0A20F6C}.Debug|Any CPU.ActiveCfg = Debug|Any CPU
		{AA75A25A-360F-442E-BBAF-520BD0A20F6C}.Debug|Any CPU.Build.0 = Debug|Any CPU
		{AA75A25A-360F-442E-BBAF-520BD0A20F6C}.Release|Any CPU.ActiveCfg = Release|Any CPU
		{AA75A25A-360F-442E-BBAF-520BD0A20F6C}.Release|Any CPU.Build.0 = Release|Any CPU
	EndGlobalSection
	GlobalSection(SolutionProperties) = preSolution
		HideSolutionNode = FALSE
	EndGlobalSection
	GlobalSection(ExtensibilityGlobals) = postSolution
		SolutionGuid = {CBCA0D0E-A3A5-4D63-8D4E-035B9AD8373E}
	EndGlobalSection
EndGlobal
