
Microsoft Visual Studio Solution File, Format Version 12.00
# Visual Studio Version 16
VisualStudioVersion = 16.0.31702.278
MinimumVisualStudioVersion = 10.0.40219.1
Project("{FAE04EC0-301F-11D3-BF4B-00C04F79EFBC}") = "2 задание", "2 задание.csproj", "{873F2CA7-7D85-4468-8023-EAD72BF79D1D}"
EndProject
Global
	GlobalSection(SolutionConfigurationPlatforms) = preSolution
		Debug|Any CPU = Debug|Any CPU
		Release|Any CPU = Release|Any CPU
	EndGlobalSection
	GlobalSection(ProjectConfigurationPlatforms) = postSolution
		{873F2CA7-7D85-4468-8023-EAD72BF79D1D}.Debug|Any CPU.ActiveCfg = Debug|Any CPU
		{873F2CA7-7D85-4468-8023-EAD72BF79D1D}.Debug|Any CPU.Build.0 = Debug|Any CPU
		{873F2CA7-7D85-4468-8023-EAD72BF79D1D}.Release|Any CPU.ActiveCfg = Release|Any CPU
		{873F2CA7-7D85-4468-8023-EAD72BF79D1D}.Release|Any CPU.Build.0 = Release|Any CPU
	EndGlobalSection
	GlobalSection(SolutionProperties) = preSolution
		HideSolutionNode = FALSE
	EndGlobalSection
	GlobalSection(ExtensibilityGlobals) = postSolution
		SolutionGuid = {546DAC6E-34D8-4244-BF26-85214BCA06AF}
	EndGlobalSection
EndGlobal
